
Microsoft Visual Studio Solution File, Format Version 12.00
# Visual Studio Version 17
VisualStudioVersion = 17.2.32630.192
MinimumVisualStudioVersion = 10.0.40219.1
Project("{2150E333-8FDC-42A3-9474-1A3956D46DE8}") = "Solution Items", "Solution Items", "{2CFBCB3A-693C-40C7-8E31-15B6B2EA2306}"
	ProjectSection(SolutionItems) = preProject
		README.md = README.md
	EndProjectSection
EndProject
Project("{FAE04EC0-301F-11D3-BF4B-00C04F79EFBC}") = "AudioTools", "AudioTools\AudioTools.csproj", "{FA7341B5-5677-4AD9-ACE6-35807D523792}"
EndProject
Project("{FAE04EC0-301F-11D3-BF4B-00C04F79EFBC}") = "AudioToolsDemo", "AudioToolsDemo\AudioToolsDemo.csproj", "{7EDF3031-810C-467E-AED3-B90159877C60}"
EndProject
Global
	GlobalSection(SolutionConfigurationPlatforms) = preSolution
		Debug|Any CPU = Debug|Any CPU
		Release|Any CPU = Release|Any CPU
	EndGlobalSection
	GlobalSection(ProjectConfigurationPlatforms) = postSolution
		{FA7341B5-5677-4AD9-ACE6-35807D523792}.Debug|Any CPU.ActiveCfg = Debug|Any CPU
		{FA7341B5-5677-4AD9-ACE6-35807D523792}.Debug|Any CPU.Build.0 = Debug|Any CPU
		{FA7341B5-5677-4AD9-ACE6-35807D523792}.Release|Any CPU.ActiveCfg = Release|Any CPU
		{FA7341B5-5677-4AD9-ACE6-35807D523792}.Release|Any CPU.Build.0 = Release|Any CPU
		{7EDF3031-810C-467E-AED3-B90159877C60}.Debug|Any CPU.ActiveCfg = Debug|Any CPU
		{7EDF3031-810C-467E-AED3-B90159877C60}.Debug|Any CPU.Build.0 = Debug|Any CPU
		{7EDF3031-810C-467E-AED3-B90159877C60}.Release|Any CPU.ActiveCfg = Release|Any CPU
		{7EDF3031-810C-467E-AED3-B90159877C60}.Release|Any CPU.Build.0 = Release|Any CPU
	EndGlobalSection
	GlobalSection(SolutionProperties) = preSolution
		HideSolutionNode = FALSE
	EndGlobalSection
	GlobalSection(ExtensibilityGlobals) = postSolution
		SolutionGuid = {CAEE2504-B7F0-4C80-8690-1AA6DECD654A}
	EndGlobalSection
EndGlobal
